// !$*UTF8*$!
{
	archiveVersion = 1;
	classes = {
	};
	objectVersion = 50;
	objects = {

/* Begin PBXBuildFile section */
		3FBA51FF235550DA004B09CF /* AppDelegate.swift in Sources */ = {isa = PBXBuildFile; fileRef = 3FBA51FE235550DA004B09CF /* AppDelegate.swift */; };
		3FBA5201235550DA004B09CF /* SceneDelegate.swift in Sources */ = {isa = PBXBuildFile; fileRef = 3FBA5200235550DA004B09CF /* SceneDelegate.swift */; };
		3FBA5204235550DA004B09CF /* SwiftUIExample.xcdatamodeld in Sources */ = {isa = PBXBuildFile; fileRef = 3FBA5202235550DA004B09CF /* SwiftUIExample.xcdatamodeld */; };
		3FBA5206235550DA004B09CF /* ContentView.swift in Sources */ = {isa = PBXBuildFile; fileRef = 3FBA5205235550DA004B09CF /* ContentView.swift */; };
		3FBA5208235550DD004B09CF /* Assets.xcassets in Resources */ = {isa = PBXBuildFile; fileRef = 3FBA5207235550DD004B09CF /* Assets.xcassets */; };
		3FBA520B235550DD004B09CF /* Preview Assets.xcassets in Resources */ = {isa = PBXBuildFile; fileRef = 3FBA520A235550DD004B09CF /* Preview Assets.xcassets */; };
		3FBA520E235550DD004B09CF /* LaunchScreen.storyboard in Resources */ = {isa = PBXBuildFile; fileRef = 3FBA520C235550DD004B09CF /* LaunchScreen.storyboard */; };
		3FBA5219235550DD004B09CF /* SwiftUIExampleTests.swift in Sources */ = {isa = PBXBuildFile; fileRef = 3FBA5218235550DD004B09CF /* SwiftUIExampleTests.swift */; };
		3FBA5224235550DD004B09CF /* SwiftUIExampleUITests.swift in Sources */ = {isa = PBXBuildFile; fileRef = 3FBA5223235550DD004B09CF /* SwiftUIExampleUITests.swift */; };
/* End PBXBuildFile section */

/* Begin PBXContainerItemProxy section */
		3FBA5215235550DD004B09CF /* PBXContainerItemProxy */ = {
			isa = PBXContainerItemProxy;
			containerPortal = 3FBA51F3235550DA004B09CF /* Project object */;
			proxyType = 1;
			remoteGlobalIDString = 3FBA51FA235550DA004B09CF;
			remoteInfo = SwiftUIExample;
		};
		3FBA5220235550DD004B09CF /* PBXContainerItemProxy */ = {
			isa = PBXContainerItemProxy;
			containerPortal = 3FBA51F3235550DA004B09CF /* Project object */;
			proxyType = 1;
			remoteGlobalIDString = 3FBA51FA235550DA004B09CF;
			remoteInfo = SwiftUIExample;
		};
/* End PBXContainerItemProxy section */

/* Begin PBXFileReference section */
		3FBA51FB235550DA004B09CF /* SwiftUIExample.app */ = {isa = PBXFileReference; explicitFileType = wrapper.application; includeInIndex = 0; path = SwiftUIExample.app; sourceTree = BUILT_PRODUCTS_DIR; };
		3FBA51FE235550DA004B09CF /* AppDelegate.swift */ = {isa = PBXFileReference; lastKnownFileType = sourcecode.swift; path = AppDelegate.swift; sourceTree = "<group>"; };
		3FBA5200235550DA004B09CF /* SceneDelegate.swift */ = {isa = PBXFileReference; lastKnownFileType = sourcecode.swift; path = SceneDelegate.swift; sourceTree = "<group>"; };
		3FBA5203235550DA004B09CF /* SwiftUIExample.xcdatamodel */ = {isa = PBXFileReference; lastKnownFileType = wrapper.xcdatamodel; path = SwiftUIExample.xcdatamodel; sourceTree = "<group>"; };
		3FBA5205235550DA004B09CF /* ContentView.swift */ = {isa = PBXFileReference; lastKnownFileType = sourcecode.swift; path = ContentView.swift; sourceTree = "<group>"; };
		3FBA5207235550DD004B09CF /* Assets.xcassets */ = {isa = PBXFileReference; lastKnownFileType = folder.assetcatalog; path = Assets.xcassets; sourceTree = "<group>"; };
		3FBA520A235550DD004B09CF /* Preview Assets.xcassets */ = {isa = PBXFileReference; lastKnownFileType = folder.assetcatalog; path = "Preview Assets.xcassets"; sourceTree = "<group>"; };
		3FBA520D235550DD004B09CF /* Base */ = {isa = PBXFileReference; lastKnownFileType = file.storyboard; name = Base; path = Base.lproj/LaunchScreen.storyboard; sourceTree = "<group>"; };
		3FBA520F235550DD004B09CF /* Info.plist */ = {isa = PBXFileReference; lastKnownFileType = text.plist.xml; path = Info.plist; sourceTree = "<group>"; };
		3FBA5214235550DD004B09CF /* SwiftUIExampleTests.xctest */ = {isa = PBXFileReference; explicitFileType = wrapper.cfbundle; includeInIndex = 0; path = SwiftUIExampleTests.xctest; sourceTree = BUILT_PRODUCTS_DIR; };
		3FBA5218235550DD004B09CF /* SwiftUIExampleTests.swift */ = {isa = PBXFileReference; lastKnownFileType = sourcecode.swift; path = SwiftUIExampleTests.swift; sourceTree = "<group>"; };
		3FBA521A235550DD004B09CF /* Info.plist */ = {isa = PBXFileReference; lastKnownFileType = text.plist.xml; path = Info.plist; sourceTree = "<group>"; };
		3FBA521F235550DD004B09CF /* SwiftUIExampleUITests.xctest */ = {isa = PBXFileReference; explicitFileType = wrapper.cfbundle; includeInIndex = 0; path = SwiftUIExampleUITests.xctest; sourceTree = BUILT_PRODUCTS_DIR; };
		3FBA5223235550DD004B09CF /* SwiftUIExampleUITests.swift */ = {isa = PBXFileReference; lastKnownFileType = sourcecode.swift; path = SwiftUIExampleUITests.swift; sourceTree = "<group>"; };
		3FBA5225235550DD004B09CF /* Info.plist */ = {isa = PBXFileReference; lastKnownFileType = text.plist.xml; path = Info.plist; sourceTree = "<group>"; };
/* End PBXFileReference section */

/* Begin PBXFrameworksBuildPhase section */
		3FBA51F8235550DA004B09CF /* Frameworks */ = {
			isa = PBXFrameworksBuildPhase;
			buildActionMask = 2147483647;
			files = (
			);
			runOnlyForDeploymentPostprocessing = 0;
		};
		3FBA5211235550DD004B09CF /* Frameworks */ = {
			isa = PBXFrameworksBuildPhase;
			buildActionMask = 2147483647;
			files = (
			);
			runOnlyForDeploymentPostprocessing = 0;
		};
		3FBA521C235550DD004B09CF /* Frameworks */ = {
			isa = PBXFrameworksBuildPhase;
			buildActionMask = 2147483647;
			files = (
			);
			runOnlyForDeploymentPostprocessing = 0;
		};
/* End PBXFrameworksBuildPhase section */

/* Begin PBXGroup section */
		3FBA51F2235550DA004B09CF = {
			isa = PBXGroup;
			children = (
				3FBA51FD235550DA004B09CF /* SwiftUIExample */,
				3FBA5217235550DD004B09CF /* SwiftUIExampleTests */,
				3FBA5222235550DD004B09CF /* SwiftUIExampleUITests */,
				3FBA51FC235550DA004B09CF /* Products */,
			);
			sourceTree = "<group>";
		};
		3FBA51FC235550DA004B09CF /* Products */ = {
			isa = PBXGroup;
			children = (
				3FBA51FB235550DA004B09CF /* SwiftUIExample.app */,
				3FBA5214235550DD004B09CF /* SwiftUIExampleTests.xctest */,
				3FBA521F235550DD004B09CF /* SwiftUIExampleUITests.xctest */,
			);
			name = Products;
			sourceTree = "<group>";
		};
		3FBA51FD235550DA004B09CF /* SwiftUIExample */ = {
			isa = PBXGroup;
			children = (
				3FBA51FE235550DA004B09CF /* AppDelegate.swift */,
				3FBA5200235550DA004B09CF /* SceneDelegate.swift */,
				3FBA5205235550DA004B09CF /* ContentView.swift */,
				3FBA5207235550DD004B09CF /* Assets.xcassets */,
				3FBA520C235550DD004B09CF /* LaunchScreen.storyboard */,
				3FBA520F235550DD004B09CF /* Info.plist */,
				3FBA5202235550DA004B09CF /* SwiftUIExample.xcdatamodeld */,
				3FBA5209235550DD004B09CF /* Preview Content */,
			);
			path = SwiftUIExample;
			sourceTree = "<group>";
		};
		3FBA5209235550DD004B09CF /* Preview Content */ = {
			isa = PBXGroup;
			children = (
				3FBA520A235550DD004B09CF /* Preview Assets.xcassets */,
			);
			path = "Preview Content";
			sourceTree = "<group>";
		};
		3FBA5217235550DD004B09CF /* SwiftUIExampleTests */ = {
			isa = PBXGroup;
			children = (
				3FBA5218235550DD004B09CF /* SwiftUIExampleTests.swift */,
				3FBA521A235550DD004B09CF /* Info.plist */,
			);
			path = SwiftUIExampleTests;
			sourceTree = "<group>";
		};
		3FBA5222235550DD004B09CF /* SwiftUIExampleUITests */ = {
			isa = PBXGroup;
			children = (
				3FBA5223235550DD004B09CF /* SwiftUIExampleUITests.swift */,
				3FBA5225235550DD004B09CF /* Info.plist */,
			);
			path = SwiftUIExampleUITests;
			sourceTree = "<group>";
		};
/* End PBXGroup section */

/* Begin PBXNativeTarget section */
		3FBA51FA235550DA004B09CF /* SwiftUIExample */ = {
			isa = PBXNativeTarget;
			buildConfigurationList = 3FBA5228235550DD004B09CF /* Build configuration list for PBXNativeTarget "SwiftUIExample" */;
			buildPhases = (
				3FBA51F7235550DA004B09CF /* Sources */,
				3FBA51F8235550DA004B09CF /* Frameworks */,
				3FBA51F9235550DA004B09CF /* Resources */,
			);
			buildRules = (
			);
			dependencies = (
			);
			name = SwiftUIExample;
			productName = SwiftUIExample;
			productReference = 3FBA51FB235550DA004B09CF /* SwiftUIExample.app */;
			productType = "com.apple.product-type.application";
		};
		3FBA5213235550DD004B09CF /* SwiftUIExampleTests */ = {
			isa = PBXNativeTarget;
			buildConfigurationList = 3FBA522B235550DD004B09CF /* Build configuration list for PBXNativeTarget "SwiftUIExampleTests" */;
			buildPhases = (
				3FBA5210235550DD004B09CF /* Sources */,
				3FBA5211235550DD004B09CF /* Frameworks */,
				3FBA5212235550DD004B09CF /* Resources */,
			);
			buildRules = (
			);
			dependencies = (
				3FBA5216235550DD004B09CF /* PBXTargetDependency */,
			);
			name = SwiftUIExampleTests;
			productName = SwiftUIExampleTests;
			productReference = 3FBA5214235550DD004B09CF /* SwiftUIExampleTests.xctest */;
			productType = "com.apple.product-type.bundle.unit-test";
		};
		3FBA521E235550DD004B09CF /* SwiftUIExampleUITests */ = {
			isa = PBXNativeTarget;
			buildConfigurationList = 3FBA522E235550DD004B09CF /* Build configuration list for PBXNativeTarget "SwiftUIExampleUITests" */;
			buildPhases = (
				3FBA521B235550DD004B09CF /* Sources */,
				3FBA521C235550DD004B09CF /* Frameworks */,
				3FBA521D235550DD004B09CF /* Resources */,
			);
			buildRules = (
			);
			dependencies = (
				3FBA5221235550DD004B09CF /* PBXTargetDependency */,
			);
			name = SwiftUIExampleUITests;
			productName = SwiftUIExampleUITests;
			productReference = 3FBA521F235550DD004B09CF /* SwiftUIExampleUITests.xctest */;
			productType = "com.apple.product-type.bundle.ui-testing";
		};
/* End PBXNativeTarget section */

/* Begin PBXProject section */
		3FBA51F3235550DA004B09CF /* Project object */ = {
			isa = PBXProject;
			attributes = {
				LastSwiftUpdateCheck = 1110;
				LastUpgradeCheck = 1110;
				ORGANIZATIONNAME = "Ana e Leo Corp";
				TargetAttributes = {
					3FBA51FA235550DA004B09CF = {
						CreatedOnToolsVersion = 11.1;
					};
					3FBA5213235550DD004B09CF = {
						CreatedOnToolsVersion = 11.1;
						TestTargetID = 3FBA51FA235550DA004B09CF;
					};
					3FBA521E235550DD004B09CF = {
						CreatedOnToolsVersion = 11.1;
						TestTargetID = 3FBA51FA235550DA004B09CF;
					};
				};
			};
			buildConfigurationList = 3FBA51F6235550DA004B09CF /* Build configuration list for PBXProject "SwiftUIExample" */;
			compatibilityVersion = "Xcode 9.3";
			developmentRegion = en;
			hasScannedForEncodings = 0;
			knownRegions = (
				en,
				Base,
			);
			mainGroup = 3FBA51F2235550DA004B09CF;
			productRefGroup = 3FBA51FC235550DA004B09CF /* Products */;
			projectDirPath = "";
			projectRoot = "";
			targets = (
				3FBA51FA235550DA004B09CF /* SwiftUIExample */,
				3FBA5213235550DD004B09CF /* SwiftUIExampleTests */,
				3FBA521E235550DD004B09CF /* SwiftUIExampleUITests */,
			);
		};
/* End PBXProject section */

/* Begin PBXResourcesBuildPhase section */
		3FBA51F9235550DA004B09CF /* Resources */ = {
			isa = PBXResourcesBuildPhase;
			buildActionMask = 2147483647;
			files = (
				3FBA520E235550DD004B09CF /* LaunchScreen.storyboard in Resources */,
				3FBA520B235550DD004B09CF /* Preview Assets.xcassets in Resources */,
				3FBA5208235550DD004B09CF /* Assets.xcassets in Resources */,
			);
			runOnlyForDeploymentPostprocessing = 0;
		};
		3FBA5212235550DD004B09CF /* Resources */ = {
			isa = PBXResourcesBuildPhase;
			buildActionMask = 2147483647;
			files = (
			);
			runOnlyForDeploymentPostprocessing = 0;
		};
		3FBA521D235550DD004B09CF /* Resources */ = {
			isa = PBXResourcesBuildPhase;
			buildActionMask = 2147483647;
			files = (
			);
			runOnlyForDeploymentPostprocessing = 0;
		};
/* End PBXResourcesBuildPhase section */

/* Begin PBXSourcesBuildPhase section */
		3FBA51F7235550DA004B09CF /* Sources */ = {
			isa = PBXSourcesBuildPhase;
			buildActionMask = 2147483647;
			files = (
				3FBA51FF235550DA004B09CF /* AppDelegate.swift in Sources */,
				3FBA5201235550DA004B09CF /* SceneDelegate.swift in Sources */,
				3FBA5206235550DA004B09CF /* ContentView.swift in Sources */,
				3FBA5204235550DA004B09CF /* SwiftUIExample.xcdatamodeld in Sources */,
			);
			runOnlyForDeploymentPostprocessing = 0;
		};
		3FBA5210235550DD004B09CF /* Sources */ = {
			isa = PBXSourcesBuildPhase;
			buildActionMask = 2147483647;
			files = (
				3FBA5219235550DD004B09CF /* SwiftUIExampleTests.swift in Sources */,
			);
			runOnlyForDeploymentPostprocessing = 0;
		};
		3FBA521B235550DD004B09CF /* Sources */ = {
			isa = PBXSourcesBuildPhase;
			buildActionMask = 2147483647;
			files = (
				3FBA5224235550DD004B09CF /* SwiftUIExampleUITests.swift in Sources */,
			);
			runOnlyForDeploymentPostprocessing = 0;
		};
/* End PBXSourcesBuildPhase section */

/* Begin PBXTargetDependency section */
		3FBA5216235550DD004B09CF /* PBXTargetDependency */ = {
			isa = PBXTargetDependency;
			target = 3FBA51FA235550DA004B09CF /* SwiftUIExample */;
			targetProxy = 3FBA5215235550DD004B09CF /* PBXContainerItemProxy */;
		};
		3FBA5221235550DD004B09CF /* PBXTargetDependency */ = {
			isa = PBXTargetDependency;
			target = 3FBA51FA235550DA004B09CF /* SwiftUIExample */;
			targetProxy = 3FBA5220235550DD004B09CF /* PBXContainerItemProxy */;
		};
/* End PBXTargetDependency section */

/* Begin PBXVariantGroup section */
		3FBA520C235550DD004B09CF /* LaunchScreen.storyboard */ = {
			isa = PBXVariantGroup;
			children = (
				3FBA520D235550DD004B09CF /* Base */,
			);
			name = LaunchScreen.storyboard;
			sourceTree = "<group>";
		};
/* End PBXVariantGroup section */

/* Begin XCBuildConfiguration section */
		3FBA5226235550DD004B09CF /* Debug */ = {
			isa = XCBuildConfiguration;
			buildSettings = {
				ALWAYS_SEARCH_USER_PATHS = NO;
				CLANG_ANALYZER_NONNULL = YES;
				CLANG_ANALYZER_NUMBER_OBJECT_CONVERSION = YES_AGGRESSIVE;
				CLANG_CXX_LANGUAGE_STANDARD = "gnu++14";
				CLANG_CXX_LIBRARY = "libc++";
				CLANG_ENABLE_MODULES = YES;
				CLANG_ENABLE_OBJC_ARC = YES;
				CLANG_ENABLE_OBJC_WEAK = YES;
				CLANG_WARN_BLOCK_CAPTURE_AUTORELEASING = YES;
				CLANG_WARN_BOOL_CONVERSION = YES;
				CLANG_WARN_COMMA = YES;
				CLANG_WARN_CONSTANT_CONVERSION = YES;
				CLANG_WARN_DEPRECATED_OBJC_IMPLEMENTATIONS = YES;
				CLANG_WARN_DIRECT_OBJC_ISA_USAGE = YES_ERROR;
				CLANG_WARN_DOCUMENTATION_COMMENTS = YES;
				CLANG_WARN_EMPTY_BODY = YES;
				CLANG_WARN_ENUM_CONVERSION = YES;
				CLANG_WARN_INFINITE_RECURSION = YES;
				CLANG_WARN_INT_CONVERSION = YES;
				CLANG_WARN_NON_LITERAL_NULL_CONVERSION = YES;
				CLANG_WARN_OBJC_IMPLICIT_RETAIN_SELF = YES;
				CLANG_WARN_OBJC_LITERAL_CONVERSION = YES;
				CLANG_WARN_OBJC_ROOT_CLASS = YES_ERROR;
				CLANG_WARN_RANGE_LOOP_ANALYSIS = YES;
				CLANG_WARN_STRICT_PROTOTYPES = YES;
				CLANG_WARN_SUSPICIOUS_MOVE = YES;
				CLANG_WARN_UNGUARDED_AVAILABILITY = YES_AGGRESSIVE;
				CLANG_WARN_UNREACHABLE_CODE = YES;
				CLANG_WARN__DUPLICATE_METHOD_MATCH = YES;
				COPY_PHASE_STRIP = NO;
				DEBUG_INFORMATION_FORMAT = dwarf;
				ENABLE_STRICT_OBJC_MSGSEND = YES;
				ENABLE_TESTABILITY = YES;
				GCC_C_LANGUAGE_STANDARD = gnu11;
				GCC_DYNAMIC_NO_PIC = NO;
				GCC_NO_COMMON_BLOCKS = YES;
				GCC_OPTIMIZATION_LEVEL = 0;
				GCC_PREPROCESSOR_DEFINITIONS = (
					"DEBUG=1",
					"$(inherited)",
				);
				GCC_WARN_64_TO_32_BIT_CONVERSION = YES;
				GCC_WARN_ABOUT_RETURN_TYPE = YES_ERROR;
				GCC_WARN_UNDECLARED_SELECTOR = YES;
				GCC_WARN_UNINITIALIZED_AUTOS = YES_AGGRESSIVE;
				GCC_WARN_UNUSED_FUNCTION = YES;
				GCC_WARN_UNUSED_VARIABLE = YES;
				IPHONEOS_DEPLOYMENT_TARGET = 13.1;
				MTL_ENABLE_DEBUG_INFO = INCLUDE_SOURCE;
				MTL_FAST_MATH = YES;
				ONLY_ACTIVE_ARCH = YES;
				SDKROOT = iphoneos;
				SWIFT_ACTIVE_COMPILATION_CONDITIONS = DEBUG;
				SWIFT_OPTIMIZATION_LEVEL = "-Onone";
			};
			name = Debug;
		};
		3FBA5227235550DD004B09CF /* Release */ = {
			isa = XCBuildConfiguration;
			buildSettings = {
				ALWAYS_SEARCH_USER_PATHS = NO;
				CLANG_ANALYZER_NONNULL = YES;
				CLANG_ANALYZER_NUMBER_OBJECT_CONVERSION = YES_AGGRESSIVE;
				CLANG_CXX_LANGUAGE_STANDARD = "gnu++14";
				CLANG_CXX_LIBRARY = "libc++";
				CLANG_ENABLE_MODULES = YES;
				CLANG_ENABLE_OBJC_ARC = YES;
				CLANG_ENABLE_OBJC_WEAK = YES;
				CLANG_WARN_BLOCK_CAPTURE_AUTORELEASING = YES;
				CLANG_WARN_BOOL_CONVERSION = YES;
				CLANG_WARN_COMMA = YES;
				CLANG_WARN_CONSTANT_CONVERSION = YES;
				CLANG_WARN_DEPRECATED_OBJC_IMPLEMENTATIONS = YES;
				CLANG_WARN_DIRECT_OBJC_ISA_USAGE = YES_ERROR;
				CLANG_WARN_DOCUMENTATION_COMMENTS = YES;
				CLANG_WARN_EMPTY_BODY = YES;
				CLANG_WARN_ENUM_CONVERSION = YES;
				CLANG_WARN_INFINITE_RECURSION = YES;
				CLANG_WARN_INT_CONVERSION = YES;
				CLANG_WARN_NON_LITERAL_NULL_CONVERSION = YES;
				CLANG_WARN_OBJC_IMPLICIT_RETAIN_SELF = YES;
				CLANG_WARN_OBJC_LITERAL_CONVERSION = YES;
				CLANG_WARN_OBJC_ROOT_CLASS = YES_ERROR;
				CLANG_WARN_RANGE_LOOP_ANALYSIS = YES;
				CLANG_WARN_STRICT_PROTOTYPES = YES;
				CLANG_WARN_SUSPICIOUS_MOVE = YES;
				CLANG_WARN_UNGUARDED_AVAILABILITY = YES_AGGRESSIVE;
				CLANG_WARN_UNREACHABLE_CODE = YES;
				CLANG_WARN__DUPLICATE_METHOD_MATCH = YES;
				COPY_PHASE_STRIP = NO;
				DEBUG_INFORMATION_FORMAT = "dwarf-with-dsym";
				ENABLE_NS_ASSERTIONS = NO;
				ENABLE_STRICT_OBJC_MSGSEND = YES;
				GCC_C_LANGUAGE_STANDARD = gnu11;
				GCC_NO_COMMON_BLOCKS = YES;
				GCC_WARN_64_TO_32_BIT_CONVERSION = YES;
				GCC_WARN_ABOUT_RETURN_TYPE = YES_ERROR;
				GCC_WARN_UNDECLARED_SELECTOR = YES;
				GCC_WARN_UNINITIALIZED_AUTOS = YES_AGGRESSIVE;
				GCC_WARN_UNUSED_FUNCTION = YES;
				GCC_WARN_UNUSED_VARIABLE = YES;
				IPHONEOS_DEPLOYMENT_TARGET = 13.1;
				MTL_ENABLE_DEBUG_INFO = NO;
				MTL_FAST_MATH = YES;
				SDKROOT = iphoneos;
				SWIFT_COMPILATION_MODE = wholemodule;
				SWIFT_OPTIMIZATION_LEVEL = "-O";
				VALIDATE_PRODUCT = YES;
			};
			name = Release;
		};
		3FBA5229235550DD004B09CF /* Debug */ = {
			isa = XCBuildConfiguration;
			buildSettings = {
				ASSETCATALOG_COMPILER_APPICON_NAME = AppIcon;
				CODE_SIGN_STYLE = Automatic;
				DEVELOPMENT_ASSET_PATHS = "\"SwiftUIExample/Preview Content\"";
				DEVELOPMENT_TEAM = V53CJ86VCG;
				ENABLE_PREVIEWS = YES;
				INFOPLIST_FILE = SwiftUIExample/Info.plist;
				LD_RUNPATH_SEARCH_PATHS = (
					"$(inherited)",
					"@executable_path/Frameworks",
				);
				PRODUCT_BUNDLE_IDENTIFIER = example.SwiftUIExample;
				PRODUCT_NAME = "$(TARGET_NAME)";
				SWIFT_VERSION = 5.0;
				TARGETED_DEVICE_FAMILY = "1,2";
			};
			name = Debug;
		};
		3FBA522A235550DD004B09CF /* Release */ = {
			isa = XCBuildConfiguration;
			buildSettings = {
				ASSETCATALOG_COMPILER_APPICON_NAME = AppIcon;
				CODE_SIGN_STYLE = Automatic;
				DEVELOPMENT_ASSET_PATHS = "\"SwiftUIExample/Preview Content\"";
				DEVELOPMENT_TEAM = V53CJ86VCG;
				ENABLE_PREVIEWS = YES;
				INFOPLIST_FILE = SwiftUIExample/Info.plist;
				LD_RUNPATH_SEARCH_PATHS = (
					"$(inherited)",
					"@executable_path/Frameworks",
				);
				PRODUCT_BUNDLE_IDENTIFIER = example.SwiftUIExample;
				PRODUCT_NAME = "$(TARGET_NAME)";
				SWIFT_VERSION = 5.0;
				TARGETED_DEVICE_FAMILY = "1,2";
			};
			name = Release;
		};
		3FBA522C235550DD004B09CF /* Debug */ = {
			isa = XCBuildConfiguration;
			buildSettings = {
				ALWAYS_EMBED_SWIFT_STANDARD_LIBRARIES = YES;
				BUNDLE_LOADER = "$(TEST_HOST)";
				CODE_SIGN_STYLE = Automatic;
				DEVELOPMENT_TEAM = V53CJ86VCG;
				INFOPLIST_FILE = SwiftUIExampleTests/Info.plist;
				IPHONEOS_DEPLOYMENT_TARGET = 13.1;
				LD_RUNPATH_SEARCH_PATHS = (
					"$(inherited)",
					"@executable_path/Frameworks",
					"@loader_path/Frameworks",
				);
				PRODUCT_BUNDLE_IDENTIFIER = example.SwiftUIExampleTests;
				PRODUCT_NAME = "$(TARGET_NAME)";
				SWIFT_VERSION = 5.0;
				TARGETED_DEVICE_FAMILY = "1,2";
				TEST_HOST = "$(BUILT_PRODUCTS_DIR)/SwiftUIExample.app/SwiftUIExample";
			};
			name = Debug;
		};
		3FBA522D235550DD004B09CF /* Release */ = {
			isa = XCBuildConfiguration;
			buildSettings = {
				ALWAYS_EMBED_SWIFT_STANDARD_LIBRARIES = YES;
				BUNDLE_LOADER = "$(TEST_HOST)";
				CODE_SIGN_STYLE = Automatic;
				DEVELOPMENT_TEAM = V53CJ86VCG;
				INFOPLIST_FILE = SwiftUIExampleTests/Info.plist;
				IPHONEOS_DEPLOYMENT_TARGET = 13.1;
				LD_RUNPATH_SEARCH_PATHS = (
					"$(inherited)",
					"@executable_path/Frameworks",
					"@loader_path/Frameworks",
				);
				PRODUCT_BUNDLE_IDENTIFIER = example.SwiftUIExampleTests;
				PRODUCT_NAME = "$(TARGET_NAME)";
				SWIFT_VERSION = 5.0;
				TARGETED_DEVICE_FAMILY = "1,2";
				TEST_HOST = "$(BUILT_PRODUCTS_DIR)/SwiftUIExample.app/SwiftUIExample";
			};
			name = Release;
		};
		3FBA522F235550DD004B09CF /* Debug */ = {
			isa = XCBuildConfiguration;
			buildSettings = {
				ALWAYS_EMBED_SWIFT_STANDARD_LIBRARIES = YES;
				CODE_SIGN_STYLE = Automatic;
				DEVELOPMENT_TEAM = V53CJ86VCG;
				INFOPLIST_FILE = SwiftUIExampleUITests/Info.plist;
				LD_RUNPATH_SEARCH_PATHS = (
					"$(inherited)",
					"@executable_path/Frameworks",
					"@loader_path/Frameworks",
				);
				PRODUCT_BUNDLE_IDENTIFIER = example.SwiftUIExampleUITests;
				PRODUCT_NAME = "$(TARGET_NAME)";
				SWIFT_VERSION = 5.0;
				TARGETED_DEVICE_FAMILY = "1,2";
				TEST_TARGET_NAME = SwiftUIExample;
			};
			name = Debug;
		};
		3FBA5230235550DD004B09CF /* Release */ = {
			isa = XCBuildConfiguration;
			buildSettings = {
				ALWAYS_EMBED_SWIFT_STANDARD_LIBRARIES = YES;
				CODE_SIGN_STYLE = Automatic;
				DEVELOPMENT_TEAM = V53CJ86VCG;
				INFOPLIST_FILE = SwiftUIExampleUITests/Info.plist;
				LD_RUNPATH_SEARCH_PATHS = (
					"$(inherited)",
					"@executable_path/Frameworks",
					"@loader_path/Frameworks",
				);
				PRODUCT_BUNDLE_IDENTIFIER = example.SwiftUIExampleUITests;
				PRODUCT_NAME = "$(TARGET_NAME)";
				SWIFT_VERSION = 5.0;
				TARGETED_DEVICE_FAMILY = "1,2";
				TEST_TARGET_NAME = SwiftUIExample;
			};
			name = Release;
		};
/* End XCBuildConfiguration section */

/* Begin XCConfigurationList section */
		3FBA51F6235550DA004B09CF /* Build configuration list for PBXProject "SwiftUIExample" */ = {
			isa = XCConfigurationList;
			buildConfigurations = (
				3FBA5226235550DD004B09CF /* Debug */,
				3FBA5227235550DD004B09CF /* Release */,
			);
			defaultConfigurationIsVisible = 0;
			defaultConfigurationName = Release;
		};
		3FBA5228235550DD004B09CF /* Build configuration list for PBXNativeTarget "SwiftUIExample" */ = {
			isa = XCConfigurationList;
			buildConfigurations = (
				3FBA5229235550DD004B09CF /* Debug */,
				3FBA522A235550DD004B09CF /* Release */,
			);
			defaultConfigurationIsVisible = 0;
			defaultConfigurationName = Release;
		};
		3FBA522B235550DD004B09CF /* Build configuration list for PBXNativeTarget "SwiftUIExampleTests" */ = {
			isa = XCConfigurationList;
			buildConfigurations = (
				3FBA522C235550DD004B09CF /* Debug */,
				3FBA522D235550DD004B09CF /* Release */,
			);
			defaultConfigurationIsVisible = 0;
			defaultConfigurationName = Release;
		};
		3FBA522E235550DD004B09CF /* Build configuration list for PBXNativeTarget "SwiftUIExampleUITests" */ = {
			isa = XCConfigurationList;
			buildConfigurations = (
				3FBA522F235550DD004B09CF /* Debug */,
				3FBA5230235550DD004B09CF /* Release */,
			);
			defaultConfigurationIsVisible = 0;
			defaultConfigurationName = Release;
		};
/* End XCConfigurationList section */

/* Begin XCVersionGroup section */
		3FBA5202235550DA004B09CF /* SwiftUIExample.xcdatamodeld */ = {
			isa = XCVersionGroup;
			children = (
				3FBA5203235550DA004B09CF /* SwiftUIExample.xcdatamodel */,
			);
			currentVersion = 3FBA5203235550DA004B09CF /* SwiftUIExample.xcdatamodel */;
			path = SwiftUIExample.xcdatamodeld;
			sourceTree = "<group>";
			versionGroupType = wrapper.xcdatamodel;
		};
/* End XCVersionGroup section */
	};
	rootObject = 3FBA51F3235550DA004B09CF /* Project object */;
}
